// !$*UTF8*$!
{
	archiveVersion = 1;
	classes = {
	};
	objectVersion = 77;
	objects = {

/* Begin PBXContainerItemProxy section */
		E939F7A72CFCAE85008AB335 /* PBXContainerItemProxy */ = {
			isa = PBXContainerItemProxy;
			containerPortal = E939F78C2CFCAE82008AB335 /* Project object */;
			proxyType = 1;
			remoteGlobalIDString = E939F7932CFCAE82008AB335;
			remoteInfo = iClockWork;
		};
		E939F7B12CFCAE85008AB335 /* PBXContainerItemProxy */ = {
			isa = PBXContainerItemProxy;
			containerPortal = E939F78C2CFCAE82008AB335 /* Project object */;
			proxyType = 1;
			remoteGlobalIDString = E939F7932CFCAE82008AB335;
			remoteInfo = iClockWork;
		};
/* End PBXContainerItemProxy section */

/* Begin PBXFileReference section */
		E939F7942CFCAE82008AB335 /* iClockWork.app */ = {isa = PBXFileReference; explicitFileType = wrapper.application; includeInIndex = 0; path = iClockWork.app; sourceTree = BUILT_PRODUCTS_DIR; };
		E939F7A62CFCAE85008AB335 /* iClockWorkTests.xctest */ = {isa = PBXFileReference; explicitFileType = wrapper.cfbundle; includeInIndex = 0; path = iClockWorkTests.xctest; sourceTree = BUILT_PRODUCTS_DIR; };
		E939F7B02CFCAE85008AB335 /* iClockWorkUITests.xctest */ = {isa = PBXFileReference; explicitFileType = wrapper.cfbundle; includeInIndex = 0; path = iClockWorkUITests.xctest; sourceTree = BUILT_PRODUCTS_DIR; };
/* End PBXFileReference section */

/* Begin PBXFileSystemSynchronizedRootGroup section */
		E939F7962CFCAE82008AB335 /* iClockWork */ = {
			isa = PBXFileSystemSynchronizedRootGroup;
			path = iClockWork;
			sourceTree = "<group>";
		};
		E939F7A92CFCAE85008AB335 /* iClockWorkTests */ = {
			isa = PBXFileSystemSynchronizedRootGroup;
			path = iClockWorkTests;
			sourceTree = "<group>";
		};
		E939F7B32CFCAE85008AB335 /* iClockWorkUITests */ = {
			isa = PBXFileSystemSynchronizedRootGroup;
			path = iClockWorkUITests;
			sourceTree = "<group>";
		};
/* End PBXFileSystemSynchronizedRootGroup section */

/* Begin PBXFrameworksBuildPhase section */
		E939F7912CFCAE82008AB335 /* Frameworks */ = {
			isa = PBXFrameworksBuildPhase;
			buildActionMask = 2147483647;
			files = (
			);
			runOnlyForDeploymentPostprocessing = 0;
		};
		E939F7A32CFCAE85008AB335 /* Frameworks */ = {
			isa = PBXFrameworksBuildPhase;
			buildActionMask = 2147483647;
			files = (
			);
			runOnlyForDeploymentPostprocessing = 0;
		};
		E939F7AD2CFCAE85008AB335 /* Frameworks */ = {
			isa = PBXFrameworksBuildPhase;
			buildActionMask = 2147483647;
			files = (
			);
			runOnlyForDeploymentPostprocessing = 0;
		};
/* End PBXFrameworksBuildPhase section */

/* Begin PBXGroup section */
		E939F78B2CFCAE82008AB335 = {
			isa = PBXGroup;
			children = (
				E939F7962CFCAE82008AB335 /* iClockWork */,
				E939F7A92CFCAE85008AB335 /* iClockWorkTests */,
				E939F7B32CFCAE85008AB335 /* iClockWorkUITests */,
				E939F7952CFCAE82008AB335 /* Products */,
			);
			sourceTree = "<group>";
		};
		E939F7952CFCAE82008AB335 /* Products */ = {
			isa = PBXGroup;
			children = (
				E939F7942CFCAE82008AB335 /* iClockWork.app */,
				E939F7A62CFCAE85008AB335 /* iClockWorkTests.xctest */,
				E939F7B02CFCAE85008AB335 /* iClockWorkUITests.xctest */,
			);
			name = Products;
			sourceTree = "<group>";
		};
/* End PBXGroup section */

/* Begin PBXNativeTarget section */
		E939F7932CFCAE82008AB335 /* iClockWork */ = {
			isa = PBXNativeTarget;
			buildConfigurationList = E939F7BA2CFCAE85008AB335 /* Build configuration list for PBXNativeTarget "iClockWork" */;
			buildPhases = (
				E939F7902CFCAE82008AB335 /* Sources */,
				E939F7912CFCAE82008AB335 /* Frameworks */,
				E939F7922CFCAE82008AB335 /* Resources */,
			);
			buildRules = (
			);
			dependencies = (
			);
			fileSystemSynchronizedGroups = (
				E939F7962CFCAE82008AB335 /* iClockWork */,
			);
			name = iClockWork;
			packageProductDependencies = (
			);
			productName = iClockWork;
			productReference = E939F7942CFCAE82008AB335 /* iClockWork.app */;
			productType = "com.apple.product-type.application";
		};
		E939F7A52CFCAE85008AB335 /* iClockWorkTests */ = {
			isa = PBXNativeTarget;
			buildConfigurationList = E939F7BD2CFCAE85008AB335 /* Build configuration list for PBXNativeTarget "iClockWorkTests" */;
			buildPhases = (
				E939F7A22CFCAE85008AB335 /* Sources */,
				E939F7A32CFCAE85008AB335 /* Frameworks */,
				E939F7A42CFCAE85008AB335 /* Resources */,
			);
			buildRules = (
			);
			dependencies = (
				E939F7A82CFCAE85008AB335 /* PBXTargetDependency */,
			);
			fileSystemSynchronizedGroups = (
				E939F7A92CFCAE85008AB335 /* iClockWorkTests */,
			);
			name = iClockWorkTests;
			packageProductDependencies = (
			);
			productName = iClockWorkTests;
			productReference = E939F7A62CFCAE85008AB335 /* iClockWorkTests.xctest */;
			productType = "com.apple.product-type.bundle.unit-test";
		};
		E939F7AF2CFCAE85008AB335 /* iClockWorkUITests */ = {
			isa = PBXNativeTarget;
			buildConfigurationList = E939F7C02CFCAE85008AB335 /* Build configuration list for PBXNativeTarget "iClockWorkUITests" */;
			buildPhases = (
				E939F7AC2CFCAE85008AB335 /* Sources */,
				E939F7AD2CFCAE85008AB335 /* Frameworks */,
				E939F7AE2CFCAE85008AB335 /* Resources */,
			);
			buildRules = (
			);
			dependencies = (
				E939F7B22CFCAE85008AB335 /* PBXTargetDependency */,
			);
			fileSystemSynchronizedGroups = (
				E939F7B32CFCAE85008AB335 /* iClockWorkUITests */,
			);
			name = iClockWorkUITests;
			packageProductDependencies = (
			);
			productName = iClockWorkUITests;
			productReference = E939F7B02CFCAE85008AB335 /* iClockWorkUITests.xctest */;
			productType = "com.apple.product-type.bundle.ui-testing";
		};
/* End PBXNativeTarget section */

/* Begin PBXProject section */
		E939F78C2CFCAE82008AB335 /* Project object */ = {
			isa = PBXProject;
			attributes = {
				BuildIndependentTargetsInParallel = 1;
				LastSwiftUpdateCheck = 1610;
				LastUpgradeCheck = 1610;
				TargetAttributes = {
					E939F7932CFCAE82008AB335 = {
						CreatedOnToolsVersion = 16.1;
					};
					E939F7A52CFCAE85008AB335 = {
						CreatedOnToolsVersion = 16.1;
						TestTargetID = E939F7932CFCAE82008AB335;
					};
					E939F7AF2CFCAE85008AB335 = {
						CreatedOnToolsVersion = 16.1;
						TestTargetID = E939F7932CFCAE82008AB335;
					};
				};
			};
			buildConfigurationList = E939F78F2CFCAE82008AB335 /* Build configuration list for PBXProject "iClockWork" */;
			developmentRegion = en;
			hasScannedForEncodings = 0;
			knownRegions = (
				en,
				Base,
			);
			mainGroup = E939F78B2CFCAE82008AB335;
			minimizedProjectReferenceProxies = 1;
			preferredProjectObjectVersion = 77;
			productRefGroup = E939F7952CFCAE82008AB335 /* Products */;
			projectDirPath = "";
			projectRoot = "";
			targets = (
				E939F7932CFCAE82008AB335 /* iClockWork */,
				E939F7A52CFCAE85008AB335 /* iClockWorkTests */,
				E939F7AF2CFCAE85008AB335 /* iClockWorkUITests */,
			);
		};
/* End PBXProject section */

/* Begin PBXResourcesBuildPhase section */
		E939F7922CFCAE82008AB335 /* Resources */ = {
			isa = PBXResourcesBuildPhase;
			buildActionMask = 2147483647;
			files = (
			);
			runOnlyForDeploymentPostprocessing = 0;
		};
		E939F7A42CFCAE85008AB335 /* Resources */ = {
			isa = PBXResourcesBuildPhase;
			buildActionMask = 2147483647;
			files = (
			);
			runOnlyForDeploymentPostprocessing = 0;
		};
		E939F7AE2CFCAE85008AB335 /* Resources */ = {
			isa = PBXResourcesBuildPhase;
			buildActionMask = 2147483647;
			files = (
			);
			runOnlyForDeploymentPostprocessing = 0;
		};
/* End PBXResourcesBuildPhase section */

/* Begin PBXSourcesBuildPhase section */
		E939F7902CFCAE82008AB335 /* Sources */ = {
			isa = PBXSourcesBuildPhase;
			buildActionMask = 2147483647;
			files = (
			);
			runOnlyForDeploymentPostprocessing = 0;
		};
		E939F7A22CFCAE85008AB335 /* Sources */ = {
			isa = PBXSourcesBuildPhase;
			buildActionMask = 2147483647;
			files = (
			);
			runOnlyForDeploymentPostprocessing = 0;
		};
		E939F7AC2CFCAE85008AB335 /* Sources */ = {
			isa = PBXSourcesBuildPhase;
			buildActionMask = 2147483647;
			files = (
			);
			runOnlyForDeploymentPostprocessing = 0;
		};
/* End PBXSourcesBuildPhase section */

/* Begin PBXTargetDependency section */
		E939F7A82CFCAE85008AB335 /* PBXTargetDependency */ = {
			isa = PBXTargetDependency;
			target = E939F7932CFCAE82008AB335 /* iClockWork */;
			targetProxy = E939F7A72CFCAE85008AB335 /* PBXContainerItemProxy */;
		};
		E939F7B22CFCAE85008AB335 /* PBXTargetDependency */ = {
			isa = PBXTargetDependency;
			target = E939F7932CFCAE82008AB335 /* iClockWork */;
			targetProxy = E939F7B12CFCAE85008AB335 /* PBXContainerItemProxy */;
		};
/* End PBXTargetDependency section */

/* Begin XCBuildConfiguration section */
		E939F7B82CFCAE85008AB335 /* Debug */ = {
			isa = XCBuildConfiguration;
			buildSettings = {
				ALWAYS_SEARCH_USER_PATHS = NO;
				ASSETCATALOG_COMPILER_GENERATE_SWIFT_ASSET_SYMBOL_EXTENSIONS = YES;
				CLANG_ANALYZER_NONNULL = YES;
				CLANG_ANALYZER_NUMBER_OBJECT_CONVERSION = YES_AGGRESSIVE;
				CLANG_CXX_LANGUAGE_STANDARD = "gnu++20";
				CLANG_ENABLE_MODULES = YES;
				CLANG_ENABLE_OBJC_ARC = YES;
				CLANG_ENABLE_OBJC_WEAK = YES;
				CLANG_WARN_BLOCK_CAPTURE_AUTORELEASING = YES;
				CLANG_WARN_BOOL_CONVERSION = YES;
				CLANG_WARN_COMMA = YES;
				CLANG_WARN_CONSTANT_CONVERSION = YES;
				CLANG_WARN_DEPRECATED_OBJC_IMPLEMENTATIONS = YES;
				CLANG_WARN_DIRECT_OBJC_ISA_USAGE = YES_ERROR;
				CLANG_WARN_DOCUMENTATION_COMMENTS = YES;
				CLANG_WARN_EMPTY_BODY = YES;
				CLANG_WARN_ENUM_CONVERSION = YES;
				CLANG_WARN_INFINITE_RECURSION = YES;
				CLANG_WARN_INT_CONVERSION = YES;
				CLANG_WARN_NON_LITERAL_NULL_CONVERSION = YES;
				CLANG_WARN_OBJC_IMPLICIT_RETAIN_SELF = YES;
				CLANG_WARN_OBJC_LITERAL_CONVERSION = YES;
				CLANG_WARN_OBJC_ROOT_CLASS = YES_ERROR;
				CLANG_WARN_QUOTED_INCLUDE_IN_FRAMEWORK_HEADER = YES;
				CLANG_WARN_RANGE_LOOP_ANALYSIS = YES;
				CLANG_WARN_STRICT_PROTOTYPES = YES;
				CLANG_WARN_SUSPICIOUS_MOVE = YES;
				CLANG_WARN_UNGUARDED_AVAILABILITY = YES_AGGRESSIVE;
				CLANG_WARN_UNREACHABLE_CODE = YES;
				CLANG_WARN__DUPLICATE_METHOD_MATCH = YES;
				COPY_PHASE_STRIP = NO;
				DEBUG_INFORMATION_FORMAT = dwarf;
				ENABLE_STRICT_OBJC_MSGSEND = YES;
				ENABLE_TESTABILITY = YES;
				ENABLE_USER_SCRIPT_SANDBOXING = YES;
				GCC_C_LANGUAGE_STANDARD = gnu17;
				GCC_DYNAMIC_NO_PIC = NO;
				GCC_NO_COMMON_BLOCKS = YES;
				GCC_OPTIMIZATION_LEVEL = 0;
				GCC_PREPROCESSOR_DEFINITIONS = (
					"DEBUG=1",
					"$(inherited)",
				);
				GCC_WARN_64_TO_32_BIT_CONVERSION = YES;
				GCC_WARN_ABOUT_RETURN_TYPE = YES_ERROR;
				GCC_WARN_UNDECLARED_SELECTOR = YES;
				GCC_WARN_UNINITIALIZED_AUTOS = YES_AGGRESSIVE;
				GCC_WARN_UNUSED_FUNCTION = YES;
				GCC_WARN_UNUSED_VARIABLE = YES;
				IPHONEOS_DEPLOYMENT_TARGET = 18.1;
				LOCALIZATION_PREFERS_STRING_CATALOGS = YES;
				MTL_ENABLE_DEBUG_INFO = INCLUDE_SOURCE;
				MTL_FAST_MATH = YES;
				ONLY_ACTIVE_ARCH = YES;
				SDKROOT = iphoneos;
				SWIFT_ACTIVE_COMPILATION_CONDITIONS = "DEBUG $(inherited)";
				SWIFT_OPTIMIZATION_LEVEL = "-Onone";
			};
			name = Debug;
		};
		E939F7B92CFCAE85008AB335 /* Release */ = {
			isa = XCBuildConfiguration;
			buildSettings = {
				ALWAYS_SEARCH_USER_PATHS = NO;
				ASSETCATALOG_COMPILER_GENERATE_SWIFT_ASSET_SYMBOL_EXTENSIONS = YES;
				CLANG_ANALYZER_NONNULL = YES;
				CLANG_ANALYZER_NUMBER_OBJECT_CONVERSION = YES_AGGRESSIVE;
				CLANG_CXX_LANGUAGE_STANDARD = "gnu++20";
				CLANG_ENABLE_MODULES = YES;
				CLANG_ENABLE_OBJC_ARC = YES;
				CLANG_ENABLE_OBJC_WEAK = YES;
				CLANG_WARN_BLOCK_CAPTURE_AUTORELEASING = YES;
				CLANG_WARN_BOOL_CONVERSION = YES;
				CLANG_WARN_COMMA = YES;
				CLANG_WARN_CONSTANT_CONVERSION = YES;
				CLANG_WARN_DEPRECATED_OBJC_IMPLEMENTATIONS = YES;
				CLANG_WARN_DIRECT_OBJC_ISA_USAGE = YES_ERROR;
				CLANG_WARN_DOCUMENTATION_COMMENTS = YES;
				CLANG_WARN_EMPTY_BODY = YES;
				CLANG_WARN_ENUM_CONVERSION = YES;
				CLANG_WARN_INFINITE_RECURSION = YES;
				CLANG_WARN_INT_CONVERSION = YES;
				CLANG_WARN_NON_LITERAL_NULL_CONVERSION = YES;
				CLANG_WARN_OBJC_IMPLICIT_RETAIN_SELF = YES;
				CLANG_WARN_OBJC_LITERAL_CONVERSION = YES;
				CLANG_WARN_OBJC_ROOT_CLASS = YES_ERROR;
				CLANG_WARN_QUOTED_INCLUDE_IN_FRAMEWORK_HEADER = YES;
				CLANG_WARN_RANGE_LOOP_ANALYSIS = YES;
				CLANG_WARN_STRICT_PROTOTYPES = YES;
				CLANG_WARN_SUSPICIOUS_MOVE = YES;
				CLANG_WARN_UNGUARDED_AVAILABILITY = YES_AGGRESSIVE;
				CLANG_WARN_UNREACHABLE_CODE = YES;
				CLANG_WARN__DUPLICATE_METHOD_MATCH = YES;
				COPY_PHASE_STRIP = NO;
				DEBUG_INFORMATION_FORMAT = "dwarf-with-dsym";
				ENABLE_NS_ASSERTIONS = NO;
				ENABLE_STRICT_OBJC_MSGSEND = YES;
				ENABLE_USER_SCRIPT_SANDBOXING = YES;
				GCC_C_LANGUAGE_STANDARD = gnu17;
				GCC_NO_COMMON_BLOCKS = YES;
				GCC_WARN_64_TO_32_BIT_CONVERSION = YES;
				GCC_WARN_ABOUT_RETURN_TYPE = YES_ERROR;
				GCC_WARN_UNDECLARED_SELECTOR = YES;
				GCC_WARN_UNINITIALIZED_AUTOS = YES_AGGRESSIVE;
				GCC_WARN_UNUSED_FUNCTION = YES;
				GCC_WARN_UNUSED_VARIABLE = YES;
				IPHONEOS_DEPLOYMENT_TARGET = 18.1;
				LOCALIZATION_PREFERS_STRING_CATALOGS = YES;
				MTL_ENABLE_DEBUG_INFO = NO;
				MTL_FAST_MATH = YES;
				SDKROOT = iphoneos;
				SWIFT_COMPILATION_MODE = wholemodule;
				VALIDATE_PRODUCT = YES;
			};
			name = Release;
		};
		E939F7BB2CFCAE85008AB335 /* Debug */ = {
			isa = XCBuildConfiguration;
			buildSettings = {
				ASSETCATALOG_COMPILER_APPICON_NAME = AppIcon;
				ASSETCATALOG_COMPILER_GLOBAL_ACCENT_COLOR_NAME = AccentColor;
				CODE_SIGN_STYLE = Automatic;
				CURRENT_PROJECT_VERSION = 1;
				DEVELOPMENT_ASSET_PATHS = "\"iClockWork/Preview Content\"";
				ENABLE_PREVIEWS = YES;
				GENERATE_INFOPLIST_FILE = YES;
				INFOPLIST_KEY_UIApplicationSceneManifest_Generation = YES;
				INFOPLIST_KEY_UIApplicationSupportsIndirectInputEvents = YES;
				INFOPLIST_KEY_UILaunchScreen_Generation = YES;
				INFOPLIST_KEY_UISupportedInterfaceOrientations_iPad = "UIInterfaceOrientationPortrait UIInterfaceOrientationPortraitUpsideDown UIInterfaceOrientationLandscapeLeft UIInterfaceOrientationLandscapeRight";
				INFOPLIST_KEY_UISupportedInterfaceOrientations_iPhone = "UIInterfaceOrientationPortrait UIInterfaceOrientationLandscapeLeft UIInterfaceOrientationLandscapeRight";
				LD_RUNPATH_SEARCH_PATHS = (
					"$(inherited)",
					"@executable_path/Frameworks",
				);
				MARKETING_VERSION = 1.0;
				PRODUCT_BUNDLE_IDENTIFIER = me.dielsonsales.iClockWork;
				PRODUCT_NAME = "$(TARGET_NAME)";
				SWIFT_EMIT_LOC_STRINGS = YES;
				SWIFT_VERSION = 5.0;
				TARGETED_DEVICE_FAMILY = "1,2";
			};
			name = Debug;
		};
		E939F7BC2CFCAE85008AB335 /* Release */ = {
			isa = XCBuildConfiguration;
			buildSettings = {
				ASSETCATALOG_COMPILER_APPICON_NAME = AppIcon;
				ASSETCATALOG_COMPILER_GLOBAL_ACCENT_COLOR_NAME = AccentColor;
				CODE_SIGN_STYLE = Automatic;
				CURRENT_PROJECT_VERSION = 1;
				DEVELOPMENT_ASSET_PATHS = "\"iClockWork/Preview Content\"";
				ENABLE_PREVIEWS = YES;
				GENERATE_INFOPLIST_FILE = YES;
				INFOPLIST_KEY_UIApplicationSceneManifest_Generation = YES;
				INFOPLIST_KEY_UIApplicationSupportsIndirectInputEvents = YES;
				INFOPLIST_KEY_UILaunchScreen_Generation = YES;
				INFOPLIST_KEY_UISupportedInterfaceOrientations_iPad = "UIInterfaceOrientationPortrait UIInterfaceOrientationPortraitUpsideDown UIInterfaceOrientationLandscapeLeft UIInterfaceOrientationLandscapeRight";
				INFOPLIST_KEY_UISupportedInterfaceOrientations_iPhone = "UIInterfaceOrientationPortrait UIInterfaceOrientationLandscapeLeft UIInterfaceOrientationLandscapeRight";
				LD_RUNPATH_SEARCH_PATHS = (
					"$(inherited)",
					"@executable_path/Frameworks",
				);
				MARKETING_VERSION = 1.0;
				PRODUCT_BUNDLE_IDENTIFIER = me.dielsonsales.iClockWork;
				PRODUCT_NAME = "$(TARGET_NAME)";
				SWIFT_EMIT_LOC_STRINGS = YES;
				SWIFT_VERSION = 5.0;
				TARGETED_DEVICE_FAMILY = "1,2";
			};
			name = Release;
		};
		E939F7BE2CFCAE85008AB335 /* Debug */ = {
			isa = XCBuildConfiguration;
			buildSettings = {
				BUNDLE_LOADER = "$(TEST_HOST)";
				CODE_SIGN_STYLE = Automatic;
				CURRENT_PROJECT_VERSION = 1;
				GENERATE_INFOPLIST_FILE = YES;
				IPHONEOS_DEPLOYMENT_TARGET = 18.1;
				MARKETING_VERSION = 1.0;
				PRODUCT_BUNDLE_IDENTIFIER = me.dielsonsales.iClockWorkTests;
				PRODUCT_NAME = "$(TARGET_NAME)";
				SWIFT_EMIT_LOC_STRINGS = NO;
				SWIFT_VERSION = 5.0;
				TARGETED_DEVICE_FAMILY = "1,2";
				TEST_HOST = "$(BUILT_PRODUCTS_DIR)/iClockWork.app/$(BUNDLE_EXECUTABLE_FOLDER_PATH)/iClockWork";
			};
			name = Debug;
		};
		E939F7BF2CFCAE85008AB335 /* Release */ = {
			isa = XCBuildConfiguration;
			buildSettings = {
				BUNDLE_LOADER = "$(TEST_HOST)";
				CODE_SIGN_STYLE = Automatic;
				CURRENT_PROJECT_VERSION = 1;
				GENERATE_INFOPLIST_FILE = YES;
				IPHONEOS_DEPLOYMENT_TARGET = 18.1;
				MARKETING_VERSION = 1.0;
				PRODUCT_BUNDLE_IDENTIFIER = me.dielsonsales.iClockWorkTests;
				PRODUCT_NAME = "$(TARGET_NAME)";
				SWIFT_EMIT_LOC_STRINGS = NO;
				SWIFT_VERSION = 5.0;
				TARGETED_DEVICE_FAMILY = "1,2";
				TEST_HOST = "$(BUILT_PRODUCTS_DIR)/iClockWork.app/$(BUNDLE_EXECUTABLE_FOLDER_PATH)/iClockWork";
			};
			name = Release;
		};
		E939F7C12CFCAE85008AB335 /* Debug */ = {
			isa = XCBuildConfiguration;
			buildSettings = {
				CODE_SIGN_STYLE = Automatic;
				CURRENT_PROJECT_VERSION = 1;
				GENERATE_INFOPLIST_FILE = YES;
				MARKETING_VERSION = 1.0;
				PRODUCT_BUNDLE_IDENTIFIER = me.dielsonsales.iClockWorkUITests;
				PRODUCT_NAME = "$(TARGET_NAME)";
				SWIFT_EMIT_LOC_STRINGS = NO;
				SWIFT_VERSION = 5.0;
				TARGETED_DEVICE_FAMILY = "1,2";
				TEST_TARGET_NAME = iClockWork;
			};
			name = Debug;
		};
		E939F7C22CFCAE85008AB335 /* Release */ = {
			isa = XCBuildConfiguration;
			buildSettings = {
				CODE_SIGN_STYLE = Automatic;
				CURRENT_PROJECT_VERSION = 1;
				GENERATE_INFOPLIST_FILE = YES;
				MARKETING_VERSION = 1.0;
				PRODUCT_BUNDLE_IDENTIFIER = me.dielsonsales.iClockWorkUITests;
				PRODUCT_NAME = "$(TARGET_NAME)";
				SWIFT_EMIT_LOC_STRINGS = NO;
				SWIFT_VERSION = 5.0;
				TARGETED_DEVICE_FAMILY = "1,2";
				TEST_TARGET_NAME = iClockWork;
			};
			name = Release;
		};
/* End XCBuildConfiguration section */

/* Begin XCConfigurationList section */
		E939F78F2CFCAE82008AB335 /* Build configuration list for PBXProject "iClockWork" */ = {
			isa = XCConfigurationList;
			buildConfigurations = (
				E939F7B82CFCAE85008AB335 /* Debug */,
				E939F7B92CFCAE85008AB335 /* Release */,
			);
			defaultConfigurationIsVisible = 0;
			defaultConfigurationName = Release;
		};
		E939F7BA2CFCAE85008AB335 /* Build configuration list for PBXNativeTarget "iClockWork" */ = {
			isa = XCConfigurationList;
			buildConfigurations = (
				E939F7BB2CFCAE85008AB335 /* Debug */,
				E939F7BC2CFCAE85008AB335 /* Release */,
			);
			defaultConfigurationIsVisible = 0;
			defaultConfigurationName = Release;
		};
		E939F7BD2CFCAE85008AB335 /* Build configuration list for PBXNativeTarget "iClockWorkTests" */ = {
			isa = XCConfigurationList;
			buildConfigurations = (
				E939F7BE2CFCAE85008AB335 /* Debug */,
				E939F7BF2CFCAE85008AB335 /* Release */,
			);
			defaultConfigurationIsVisible = 0;
			defaultConfigurationName = Release;
		};
		E939F7C02CFCAE85008AB335 /* Build configuration list for PBXNativeTarget "iClockWorkUITests" */ = {
			isa = XCConfigurationList;
			buildConfigurations = (
				E939F7C12CFCAE85008AB335 /* Debug */,
				E939F7C22CFCAE85008AB335 /* Release */,
			);
			defaultConfigurationIsVisible = 0;
			defaultConfigurationName = Release;
		};
/* End XCConfigurationList section */
	};
	rootObject = E939F78C2CFCAE82008AB335 /* Project object */;
}
